
Microsoft Visual Studio Solution File, Format Version 12.00
# Visual Studio Version 16
VisualStudioVersion = 16.0.32510.428
MinimumVisualStudioVersion = 10.0.40219.1
Project("{FAE04EC0-301F-11D3-BF4B-00C04F79EFBC}") = "FriedVideoGame", "FriedVideoGame\FriedVideoGame.csproj", "{A3453912-6EBD-4AE8-B60C-43B728A593C3}"
EndProject
Global
	GlobalSection(SolutionConfigurationPlatforms) = preSolution
		Debug|Any CPU = Debug|Any CPU
		Release|Any CPU = Release|Any CPU
	EndGlobalSection
	GlobalSection(ProjectConfigurationPlatforms) = postSolution
		{A3453912-6EBD-4AE8-B60C-43B728A593C3}.Debug|Any CPU.ActiveCfg = Debug|Any CPU
		{A3453912-6EBD-4AE8-B60C-43B728A593C3}.Debug|Any CPU.Build.0 = Debug|Any CPU
		{A3453912-6EBD-4AE8-B60C-43B728A593C3}.Release|Any CPU.ActiveCfg = Release|Any CPU
		{A3453912-6EBD-4AE8-B60C-43B728A593C3}.Release|Any CPU.Build.0 = Release|Any CPU
	EndGlobalSection
	GlobalSection(SolutionProperties) = preSolution
		HideSolutionNode = FALSE
	EndGlobalSection
	GlobalSection(ExtensibilityGlobals) = postSolution
		SolutionGuid = {0187B6D8-3AEF-41A2-8B06-6F895D5D481C}
	EndGlobalSection
EndGlobal
